
Microsoft Visual Studio Solution File, Format Version 12.00
# Visual Studio Version 16
VisualStudioVersion = 16.0.31129.286
MinimumVisualStudioVersion = 10.0.40219.1
Project("{FAE04EC0-301F-11D3-BF4B-00C04F79EFBC}") = "WpfMvvmSampleWithItemsControl", "WpfMvvmSampleWithItemsControl\WpfMvvmSampleWithItemsControl.csproj", "{5349D159-141A-403C-9CC5-8C8641C84051}"
EndProject
Global
	GlobalSection(SolutionConfigurationPlatforms) = preSolution
		Debug|Any CPU = Debug|Any CPU
		Release|Any CPU = Release|Any CPU
	EndGlobalSection
	GlobalSection(ProjectConfigurationPlatforms) = postSolution
		{5349D159-141A-403C-9CC5-8C8641C84051}.Debug|Any CPU.ActiveCfg = Debug|Any CPU
		{5349D159-141A-403C-9CC5-8C8641C84051}.Debug|Any CPU.Build.0 = Debug|Any CPU
		{5349D159-141A-403C-9CC5-8C8641C84051}.Release|Any CPU.ActiveCfg = Release|Any CPU
		{5349D159-141A-403C-9CC5-8C8641C84051}.Release|Any CPU.Build.0 = Release|Any CPU
	EndGlobalSection
	GlobalSection(SolutionProperties) = preSolution
		HideSolutionNode = FALSE
	EndGlobalSection
	GlobalSection(ExtensibilityGlobals) = postSolution
		SolutionGuid = {76FC3088-72A9-40D3-9BFF-D7FA5FF4BA28}
	EndGlobalSection
EndGlobal
